// !$*UTF8*$!
{
	archiveVersion = 1;
	classes = {
	};
	objectVersion = 46;
	objects = {

/* Begin PBXBuildFile section */
		6A8DE44F14D9CEAE0031A740 /* AABB.cpp in Sources */ = {isa = PBXBuildFile; fileRef = 6A8DE43814D9CEAE0031A740 /* AABB.cpp */; };
		6A8DE45014D9CEAE0031A740 /* AABB.h in Headers */ = {isa = PBXBuildFile; fileRef = 6A8DE43914D9CEAE0031A740 /* AABB.h */; };
		6A8DE45114D9CEAE0031A740 /* Bitmask.h in Headers */ = {isa = PBXBuildFile; fileRef = 6A8DE43A14D9CEAE0031A740 /* Bitmask.h */; };
		6A8DE45214D9CEAE0031A740 /* Body.cpp in Sources */ = {isa = PBXBuildFile; fileRef = 6A8DE43B14D9CEAE0031A740 /* Body.cpp */; };
		6A8DE45314D9CEAE0031A740 /* Body.h in Headers */ = {isa = PBXBuildFile; fileRef = 6A8DE43C14D9CEAE0031A740 /* Body.h */; };
		6A8DE45414D9CEAE0031A740 /* ClosedShape.cpp in Sources */ = {isa = PBXBuildFile; fileRef = 6A8DE43D14D9CEAE0031A740 /* ClosedShape.cpp */; };
		6A8DE45514D9CEAE0031A740 /* ClosedShape.h in Headers */ = {isa = PBXBuildFile; fileRef = 6A8DE43E14D9CEAE0031A740 /* ClosedShape.h */; };
		6A8DE45614D9CEAE0031A740 /* InternalSpring.cpp in Sources */ = {isa = PBXBuildFile; fileRef = 6A8DE43F14D9CEAE0031A740 /* InternalSpring.cpp */; };
		6A8DE45714D9CEAE0031A740 /* InternalSpring.h in Headers */ = {isa = PBXBuildFile; fileRef = 6A8DE44014D9CEAE0031A740 /* InternalSpring.h */; };
		6A8DE45814D9CEAE0031A740 /* JellyPhysics.h in Headers */ = {isa = PBXBuildFile; fileRef = 6A8DE44114D9CEAE0031A740 /* JellyPhysics.h */; };
		6A8DE45914D9CEAE0031A740 /* JellyPrerequisites.h in Headers */ = {isa = PBXBuildFile; fileRef = 6A8DE44214D9CEAE0031A740 /* JellyPrerequisites.h */; };
		6A8DE45A14D9CEAE0031A740 /* PointMass.cpp in Sources */ = {isa = PBXBuildFile; fileRef = 6A8DE44314D9CEAE0031A740 /* PointMass.cpp */; };
		6A8DE45B14D9CEAE0031A740 /* PointMass.h in Headers */ = {isa = PBXBuildFile; fileRef = 6A8DE44414D9CEAE0031A740 /* PointMass.h */; };
		6A8DE45C14D9CEAE0031A740 /* PressureBody.cpp in Sources */ = {isa = PBXBuildFile; fileRef = 6A8DE44514D9CEAE0031A740 /* PressureBody.cpp */; };
		6A8DE45D14D9CEAE0031A740 /* PressureBody.h in Headers */ = {isa = PBXBuildFile; fileRef = 6A8DE44614D9CEAE0031A740 /* PressureBody.h */; };
		6A8DE45E14D9CEAE0031A740 /* SpringBody.cpp in Sources */ = {isa = PBXBuildFile; fileRef = 6A8DE44714D9CEAE0031A740 /* SpringBody.cpp */; };
		6A8DE45F14D9CEAE0031A740 /* SpringBody.h in Headers */ = {isa = PBXBuildFile; fileRef = 6A8DE44814D9CEAE0031A740 /* SpringBody.h */; };
		6A8DE46014D9CEAE0031A740 /* Vector2.cpp in Sources */ = {isa = PBXBuildFile; fileRef = 6A8DE44914D9CEAE0031A740 /* Vector2.cpp */; };
		6A8DE46114D9CEAE0031A740 /* Vector2.h in Headers */ = {isa = PBXBuildFile; fileRef = 6A8DE44A14D9CEAE0031A740 /* Vector2.h */; };
		6A8DE46214D9CEAE0031A740 /* VectorTools.cpp in Sources */ = {isa = PBXBuildFile; fileRef = 6A8DE44B14D9CEAE0031A740 /* VectorTools.cpp */; };
		6A8DE46314D9CEAE0031A740 /* VectorTools.h in Headers */ = {isa = PBXBuildFile; fileRef = 6A8DE44C14D9CEAE0031A740 /* VectorTools.h */; };
		6A8DE46414D9CEAE0031A740 /* World.cpp in Sources */ = {isa = PBXBuildFile; fileRef = 6A8DE44D14D9CEAE0031A740 /* World.cpp */; };
		6A8DE46514D9CEAE0031A740 /* World.h in Headers */ = {isa = PBXBuildFile; fileRef = 6A8DE44E14D9CEAE0031A740 /* World.h */; };
		6A8DE46814D9CEEF0031A740 /* World.h in Headers */ = {isa = PBXBuildFile; fileRef = 6A8DE46614D9CEEF0031A740 /* World.h */; };
		6A8DE46914D9CEEF0031A740 /* World.mm in Sources */ = {isa = PBXBuildFile; fileRef = 6A8DE46714D9CEEF0031A740 /* World.mm */; };
		6A8DE46E14D9D50E0031A740 /* Body.h in Headers */ = {isa = PBXBuildFile; fileRef = 6A8DE46C14D9D50E0031A740 /* Body.h */; };
		6A8DE46F14D9D50E0031A740 /* Body.mm in Sources */ = {isa = PBXBuildFile; fileRef = 6A8DE46D14D9D50E0031A740 /* Body.mm */; };
		6A8DE47114D9D6150031A740 /* Opaque.h in Headers */ = {isa = PBXBuildFile; fileRef = 6A8DE47014D9D6150031A740 /* Opaque.h */; };
		6A8DE47414D9D9F90031A740 /* ClosedShape.h in Headers */ = {isa = PBXBuildFile; fileRef = 6A8DE47214D9D9F90031A740 /* ClosedShape.h */; };
		6A8DE47514D9D9F90031A740 /* ClosedShape.mm in Sources */ = {isa = PBXBuildFile; fileRef = 6A8DE47314D9D9F90031A740 /* ClosedShape.mm */; };
		6A8DE47E14D9E1EC0031A740 /* JPFallingBody.cpp in Sources */ = {isa = PBXBuildFile; fileRef = 6A8DE47C14D9E1EC0031A740 /* JPFallingBody.cpp */; };
		6A8DE47F14D9E1EC0031A740 /* JPFallingBody.h in Headers */ = {isa = PBXBuildFile; fileRef = 6A8DE47D14D9E1EC0031A740 /* JPFallingBody.h */; };
		6A8DE48214D9E20A0031A740 /* FallingBody.h in Headers */ = {isa = PBXBuildFile; fileRef = 6A8DE48014D9E20A0031A740 /* FallingBody.h */; };
		6A8DE48314D9E20A0031A740 /* FallingBody.mm in Sources */ = {isa = PBXBuildFile; fileRef = 6A8DE48114D9E20A0031A740 /* FallingBody.mm */; };
		6A91E19014D9C04B00A6D61C /* Foundation.framework in Frameworks */ = {isa = PBXBuildFile; fileRef = 6A91E18F14D9C04B00A6D61C /* Foundation.framework */; };
/* End PBXBuildFile section */

/* Begin PBXFileReference section */
		6A8DE43814D9CEAE0031A740 /* AABB.cpp */ = {isa = PBXFileReference; fileEncoding = 4; lastKnownFileType = sourcecode.cpp.cpp; name = AABB.cpp; path = JellyPhysics/AABB.cpp; sourceTree = "<group>"; };
		6A8DE43914D9CEAE0031A740 /* AABB.h */ = {isa = PBXFileReference; fileEncoding = 4; lastKnownFileType = sourcecode.c.h; name = AABB.h; path = JellyPhysics/AABB.h; sourceTree = "<group>"; };
		6A8DE43A14D9CEAE0031A740 /* Bitmask.h */ = {isa = PBXFileReference; fileEncoding = 4; lastKnownFileType = sourcecode.c.h; name = Bitmask.h; path = JellyPhysics/Bitmask.h; sourceTree = "<group>"; };
		6A8DE43B14D9CEAE0031A740 /* Body.cpp */ = {isa = PBXFileReference; fileEncoding = 4; lastKnownFileType = sourcecode.cpp.cpp; name = Body.cpp; path = JellyPhysics/Body.cpp; sourceTree = "<group>"; };
		6A8DE43C14D9CEAE0031A740 /* Body.h */ = {isa = PBXFileReference; fileEncoding = 4; lastKnownFileType = sourcecode.c.h; name = Body.h; path = JellyPhysics/Body.h; sourceTree = "<group>"; };
		6A8DE43D14D9CEAE0031A740 /* ClosedShape.cpp */ = {isa = PBXFileReference; fileEncoding = 4; lastKnownFileType = sourcecode.cpp.cpp; name = ClosedShape.cpp; path = JellyPhysics/ClosedShape.cpp; sourceTree = "<group>"; };
		6A8DE43E14D9CEAE0031A740 /* ClosedShape.h */ = {isa = PBXFileReference; fileEncoding = 4; lastKnownFileType = sourcecode.c.h; name = ClosedShape.h; path = JellyPhysics/ClosedShape.h; sourceTree = "<group>"; };
		6A8DE43F14D9CEAE0031A740 /* InternalSpring.cpp */ = {isa = PBXFileReference; fileEncoding = 4; lastKnownFileType = sourcecode.cpp.cpp; name = InternalSpring.cpp; path = JellyPhysics/InternalSpring.cpp; sourceTree = "<group>"; };
		6A8DE44014D9CEAE0031A740 /* InternalSpring.h */ = {isa = PBXFileReference; fileEncoding = 4; lastKnownFileType = sourcecode.c.h; name = InternalSpring.h; path = JellyPhysics/InternalSpring.h; sourceTree = "<group>"; };
		6A8DE44114D9CEAE0031A740 /* JellyPhysics.h */ = {isa = PBXFileReference; fileEncoding = 4; lastKnownFileType = sourcecode.c.h; name = JellyPhysics.h; path = JellyPhysics/JellyPhysics.h; sourceTree = "<group>"; };
		6A8DE44214D9CEAE0031A740 /* JellyPrerequisites.h */ = {isa = PBXFileReference; fileEncoding = 4; lastKnownFileType = sourcecode.c.h; name = JellyPrerequisites.h; path = JellyPhysics/JellyPrerequisites.h; sourceTree = "<group>"; };
		6A8DE44314D9CEAE0031A740 /* PointMass.cpp */ = {isa = PBXFileReference; fileEncoding = 4; lastKnownFileType = sourcecode.cpp.cpp; name = PointMass.cpp; path = JellyPhysics/PointMass.cpp; sourceTree = "<group>"; };
		6A8DE44414D9CEAE0031A740 /* PointMass.h */ = {isa = PBXFileReference; fileEncoding = 4; lastKnownFileType = sourcecode.c.h; name = PointMass.h; path = JellyPhysics/PointMass.h; sourceTree = "<group>"; };
		6A8DE44514D9CEAE0031A740 /* PressureBody.cpp */ = {isa = PBXFileReference; fileEncoding = 4; lastKnownFileType = sourcecode.cpp.cpp; name = PressureBody.cpp; path = JellyPhysics/PressureBody.cpp; sourceTree = "<group>"; };
		6A8DE44614D9CEAE0031A740 /* PressureBody.h */ = {isa = PBXFileReference; fileEncoding = 4; lastKnownFileType = sourcecode.c.h; name = PressureBody.h; path = JellyPhysics/PressureBody.h; sourceTree = "<group>"; };
		6A8DE44714D9CEAE0031A740 /* SpringBody.cpp */ = {isa = PBXFileReference; fileEncoding = 4; lastKnownFileType = sourcecode.cpp.cpp; name = SpringBody.cpp; path = JellyPhysics/SpringBody.cpp; sourceTree = "<group>"; };
		6A8DE44814D9CEAE0031A740 /* SpringBody.h */ = {isa = PBXFileReference; fileEncoding = 4; lastKnownFileType = sourcecode.c.h; name = SpringBody.h; path = JellyPhysics/SpringBody.h; sourceTree = "<group>"; };
		6A8DE44914D9CEAE0031A740 /* Vector2.cpp */ = {isa = PBXFileReference; fileEncoding = 4; lastKnownFileType = sourcecode.cpp.cpp; name = Vector2.cpp; path = JellyPhysics/Vector2.cpp; sourceTree = "<group>"; };
		6A8DE44A14D9CEAE0031A740 /* Vector2.h */ = {isa = PBXFileReference; fileEncoding = 4; lastKnownFileType = sourcecode.c.h; name = Vector2.h; path = JellyPhysics/Vector2.h; sourceTree = "<group>"; };
		6A8DE44B14D9CEAE0031A740 /* VectorTools.cpp */ = {isa = PBXFileReference; fileEncoding = 4; lastKnownFileType = sourcecode.cpp.cpp; name = VectorTools.cpp; path = JellyPhysics/VectorTools.cpp; sourceTree = "<group>"; };
		6A8DE44C14D9CEAE0031A740 /* VectorTools.h */ = {isa = PBXFileReference; fileEncoding = 4; lastKnownFileType = sourcecode.c.h; name = VectorTools.h; path = JellyPhysics/VectorTools.h; sourceTree = "<group>"; };
		6A8DE44D14D9CEAE0031A740 /* World.cpp */ = {isa = PBXFileReference; fileEncoding = 4; lastKnownFileType = sourcecode.cpp.cpp; name = World.cpp; path = JellyPhysics/World.cpp; sourceTree = "<group>"; };
		6A8DE44E14D9CEAE0031A740 /* World.h */ = {isa = PBXFileReference; fileEncoding = 4; lastKnownFileType = sourcecode.c.h; name = World.h; path = JellyPhysics/World.h; sourceTree = "<group>"; };
		6A8DE46614D9CEEF0031A740 /* World.h */ = {isa = PBXFileReference; fileEncoding = 4; lastKnownFileType = sourcecode.c.h; path = World.h; sourceTree = "<group>"; };
		6A8DE46714D9CEEF0031A740 /* World.mm */ = {isa = PBXFileReference; fileEncoding = 4; lastKnownFileType = sourcecode.cpp.objcpp; path = World.mm; sourceTree = "<group>"; };
		6A8DE46C14D9D50E0031A740 /* Body.h */ = {isa = PBXFileReference; fileEncoding = 4; lastKnownFileType = sourcecode.c.h; path = Body.h; sourceTree = "<group>"; };
		6A8DE46D14D9D50E0031A740 /* Body.mm */ = {isa = PBXFileReference; fileEncoding = 4; lastKnownFileType = sourcecode.cpp.objcpp; path = Body.mm; sourceTree = "<group>"; };
		6A8DE47014D9D6150031A740 /* Opaque.h */ = {isa = PBXFileReference; fileEncoding = 4; lastKnownFileType = sourcecode.c.h; path = Opaque.h; sourceTree = "<group>"; };
		6A8DE47214D9D9F90031A740 /* ClosedShape.h */ = {isa = PBXFileReference; fileEncoding = 4; lastKnownFileType = sourcecode.c.h; path = ClosedShape.h; sourceTree = "<group>"; };
		6A8DE47314D9D9F90031A740 /* ClosedShape.mm */ = {isa = PBXFileReference; fileEncoding = 4; lastKnownFileType = sourcecode.cpp.objcpp; path = ClosedShape.mm; sourceTree = "<group>"; };
		6A8DE47C14D9E1EC0031A740 /* JPFallingBody.cpp */ = {isa = PBXFileReference; fileEncoding = 4; lastKnownFileType = sourcecode.cpp.cpp; name = JPFallingBody.cpp; path = JellyPhysics/JPFallingBody.cpp; sourceTree = "<group>"; };
		6A8DE47D14D9E1EC0031A740 /* JPFallingBody.h */ = {isa = PBXFileReference; fileEncoding = 4; lastKnownFileType = sourcecode.c.h; name = JPFallingBody.h; path = JellyPhysics/JPFallingBody.h; sourceTree = "<group>"; };
		6A8DE48014D9E20A0031A740 /* FallingBody.h */ = {isa = PBXFileReference; fileEncoding = 4; lastKnownFileType = sourcecode.c.h; path = FallingBody.h; sourceTree = "<group>"; };
		6A8DE48114D9E20A0031A740 /* FallingBody.mm */ = {isa = PBXFileReference; fileEncoding = 4; lastKnownFileType = sourcecode.cpp.objcpp; path = FallingBody.mm; sourceTree = "<group>"; };
		6A91E18C14D9C04B00A6D61C /* libjelly.a */ = {isa = PBXFileReference; explicitFileType = archive.ar; includeInIndex = 0; path = libjelly.a; sourceTree = BUILT_PRODUCTS_DIR; };
		6A91E18F14D9C04B00A6D61C /* Foundation.framework */ = {isa = PBXFileReference; lastKnownFileType = wrapper.framework; name = Foundation.framework; path = System/Library/Frameworks/Foundation.framework; sourceTree = SDKROOT; };
		6A91E19314D9C04B00A6D61C /* jelly-Prefix.pch */ = {isa = PBXFileReference; lastKnownFileType = sourcecode.c.h; path = "jelly-Prefix.pch"; sourceTree = "<group>"; };
/* End PBXFileReference section */

/* Begin PBXFrameworksBuildPhase section */
		6A91E18914D9C04B00A6D61C /* Frameworks */ = {
			isa = PBXFrameworksBuildPhase;
			buildActionMask = 2147483647;
			files = (
				6A91E19014D9C04B00A6D61C /* Foundation.framework in Frameworks */,
			);
			runOnlyForDeploymentPostprocessing = 0;
		};
/* End PBXFrameworksBuildPhase section */

/* Begin PBXGroup section */
		6A8DE43614D9CE3B0031A740 /* JellyPhysics */ = {
			isa = PBXGroup;
			children = (
				6A8DE47C14D9E1EC0031A740 /* JPFallingBody.cpp */,
				6A8DE47D14D9E1EC0031A740 /* JPFallingBody.h */,
				6A8DE43814D9CEAE0031A740 /* AABB.cpp */,
				6A8DE43914D9CEAE0031A740 /* AABB.h */,
				6A8DE43A14D9CEAE0031A740 /* Bitmask.h */,
				6A8DE43B14D9CEAE0031A740 /* Body.cpp */,
				6A8DE43C14D9CEAE0031A740 /* Body.h */,
				6A8DE43D14D9CEAE0031A740 /* ClosedShape.cpp */,
				6A8DE43E14D9CEAE0031A740 /* ClosedShape.h */,
				6A8DE43F14D9CEAE0031A740 /* InternalSpring.cpp */,
				6A8DE44014D9CEAE0031A740 /* InternalSpring.h */,
				6A8DE44114D9CEAE0031A740 /* JellyPhysics.h */,
				6A8DE44214D9CEAE0031A740 /* JellyPrerequisites.h */,
				6A8DE44314D9CEAE0031A740 /* PointMass.cpp */,
				6A8DE44414D9CEAE0031A740 /* PointMass.h */,
				6A8DE44514D9CEAE0031A740 /* PressureBody.cpp */,
				6A8DE44614D9CEAE0031A740 /* PressureBody.h */,
				6A8DE44714D9CEAE0031A740 /* SpringBody.cpp */,
				6A8DE44814D9CEAE0031A740 /* SpringBody.h */,
				6A8DE44914D9CEAE0031A740 /* Vector2.cpp */,
				6A8DE44A14D9CEAE0031A740 /* Vector2.h */,
				6A8DE44B14D9CEAE0031A740 /* VectorTools.cpp */,
				6A8DE44C14D9CEAE0031A740 /* VectorTools.h */,
				6A8DE44D14D9CEAE0031A740 /* World.cpp */,
				6A8DE44E14D9CEAE0031A740 /* World.h */,
			);
			name = JellyPhysics;
			sourceTree = "<group>";
		};
		6A91E18114D9C04B00A6D61C = {
			isa = PBXGroup;
			children = (
				6A91E19114D9C04B00A6D61C /* jelly */,
				6A91E18E14D9C04B00A6D61C /* Frameworks */,
				6A91E18D14D9C04B00A6D61C /* Products */,
			);
			sourceTree = "<group>";
		};
		6A91E18D14D9C04B00A6D61C /* Products */ = {
			isa = PBXGroup;
			children = (
				6A91E18C14D9C04B00A6D61C /* libjelly.a */,
			);
			name = Products;
			sourceTree = "<group>";
		};
		6A91E18E14D9C04B00A6D61C /* Frameworks */ = {
			isa = PBXGroup;
			children = (
				6A91E18F14D9C04B00A6D61C /* Foundation.framework */,
			);
			name = Frameworks;
			sourceTree = "<group>";
		};
		6A91E19114D9C04B00A6D61C /* jelly */ = {
			isa = PBXGroup;
			children = (
				6A8DE43614D9CE3B0031A740 /* JellyPhysics */,
				6A91E19214D9C04B00A6D61C /* Supporting Files */,
				6A8DE47014D9D6150031A740 /* Opaque.h */,
				6A8DE46C14D9D50E0031A740 /* Body.h */,
				6A8DE46D14D9D50E0031A740 /* Body.mm */,
				6A8DE47214D9D9F90031A740 /* ClosedShape.h */,
				6A8DE47314D9D9F90031A740 /* ClosedShape.mm */,
				6A8DE46614D9CEEF0031A740 /* World.h */,
				6A8DE46714D9CEEF0031A740 /* World.mm */,
				6A8DE48014D9E20A0031A740 /* FallingBody.h */,
				6A8DE48114D9E20A0031A740 /* FallingBody.mm */,
			);
			path = jelly;
			sourceTree = "<group>";
		};
		6A91E19214D9C04B00A6D61C /* Supporting Files */ = {
			isa = PBXGroup;
			children = (
				6A91E19314D9C04B00A6D61C /* jelly-Prefix.pch */,
			);
			name = "Supporting Files";
			sourceTree = "<group>";
		};
/* End PBXGroup section */

/* Begin PBXHeadersBuildPhase section */
		6A91E18A14D9C04B00A6D61C /* Headers */ = {
			isa = PBXHeadersBuildPhase;
			buildActionMask = 2147483647;
			files = (
				6A8DE45014D9CEAE0031A740 /* AABB.h in Headers */,
				6A8DE45114D9CEAE0031A740 /* Bitmask.h in Headers */,
				6A8DE45314D9CEAE0031A740 /* Body.h in Headers */,
				6A8DE45514D9CEAE0031A740 /* ClosedShape.h in Headers */,
				6A8DE45714D9CEAE0031A740 /* InternalSpring.h in Headers */,
				6A8DE45814D9CEAE0031A740 /* JellyPhysics.h in Headers */,
				6A8DE45914D9CEAE0031A740 /* JellyPrerequisites.h in Headers */,
				6A8DE45B14D9CEAE0031A740 /* PointMass.h in Headers */,
				6A8DE45D14D9CEAE0031A740 /* PressureBody.h in Headers */,
				6A8DE45F14D9CEAE0031A740 /* SpringBody.h in Headers */,
				6A8DE46114D9CEAE0031A740 /* Vector2.h in Headers */,
				6A8DE46314D9CEAE0031A740 /* VectorTools.h in Headers */,
				6A8DE46514D9CEAE0031A740 /* World.h in Headers */,
				6A8DE46814D9CEEF0031A740 /* World.h in Headers */,
				6A8DE46E14D9D50E0031A740 /* Body.h in Headers */,
				6A8DE47114D9D6150031A740 /* Opaque.h in Headers */,
				6A8DE47414D9D9F90031A740 /* ClosedShape.h in Headers */,
				6A8DE47F14D9E1EC0031A740 /* JPFallingBody.h in Headers */,
				6A8DE48214D9E20A0031A740 /* FallingBody.h in Headers */,
			);
			runOnlyForDeploymentPostprocessing = 0;
		};
/* End PBXHeadersBuildPhase section */

/* Begin PBXNativeTarget section */
		6A91E18B14D9C04B00A6D61C /* jelly */ = {
			isa = PBXNativeTarget;
			buildConfigurationList = 6A91E19914D9C04B00A6D61C /* Build configuration list for PBXNativeTarget "jelly" */;
			buildPhases = (
				6A91E18814D9C04B00A6D61C /* Sources */,
				6A91E18914D9C04B00A6D61C /* Frameworks */,
				6A91E18A14D9C04B00A6D61C /* Headers */,
			);
			buildRules = (
			);
			dependencies = (
			);
			name = jelly;
			productName = jelly;
			productReference = 6A91E18C14D9C04B00A6D61C /* libjelly.a */;
			productType = "com.apple.product-type.library.static";
		};
/* End PBXNativeTarget section */

/* Begin PBXProject section */
		6A91E18314D9C04B00A6D61C /* Project object */ = {
			isa = PBXProject;
			attributes = {
				LastUpgradeCheck = 0420;
			};
			buildConfigurationList = 6A91E18614D9C04B00A6D61C /* Build configuration list for PBXProject "jelly" */;
			compatibilityVersion = "Xcode 3.2";
			developmentRegion = English;
			hasScannedForEncodings = 0;
			knownRegions = (
				en,
			);
			mainGroup = 6A91E18114D9C04B00A6D61C;
			productRefGroup = 6A91E18D14D9C04B00A6D61C /* Products */;
			projectDirPath = "";
			projectRoot = "";
			targets = (
				6A91E18B14D9C04B00A6D61C /* jelly */,
			);
		};
/* End PBXProject section */

/* Begin PBXSourcesBuildPhase section */
		6A91E18814D9C04B00A6D61C /* Sources */ = {
			isa = PBXSourcesBuildPhase;
			buildActionMask = 2147483647;
			files = (
				6A8DE44F14D9CEAE0031A740 /* AABB.cpp in Sources */,
				6A8DE45214D9CEAE0031A740 /* Body.cpp in Sources */,
				6A8DE45414D9CEAE0031A740 /* ClosedShape.cpp in Sources */,
				6A8DE45614D9CEAE0031A740 /* InternalSpring.cpp in Sources */,
				6A8DE45A14D9CEAE0031A740 /* PointMass.cpp in Sources */,
				6A8DE45C14D9CEAE0031A740 /* PressureBody.cpp in Sources */,
				6A8DE45E14D9CEAE0031A740 /* SpringBody.cpp in Sources */,
				6A8DE46014D9CEAE0031A740 /* Vector2.cpp in Sources */,
				6A8DE46214D9CEAE0031A740 /* VectorTools.cpp in Sources */,
				6A8DE46414D9CEAE0031A740 /* World.cpp in Sources */,
				6A8DE46914D9CEEF0031A740 /* World.mm in Sources */,
				6A8DE46F14D9D50E0031A740 /* Body.mm in Sources */,
				6A8DE47514D9D9F90031A740 /* ClosedShape.mm in Sources */,
				6A8DE47E14D9E1EC0031A740 /* JPFallingBody.cpp in Sources */,
				6A8DE48314D9E20A0031A740 /* FallingBody.mm in Sources */,
			);
			runOnlyForDeploymentPostprocessing = 0;
		};
/* End PBXSourcesBuildPhase section */

/* Begin XCBuildConfiguration section */
		6A91E19714D9C04B00A6D61C /* Debug */ = {
			isa = XCBuildConfiguration;
			buildSettings = {
				ALWAYS_SEARCH_USER_PATHS = NO;
				ARCHS = "$(ARCHS_STANDARD_32_BIT)";
				COPY_PHASE_STRIP = NO;
				GCC_C_LANGUAGE_STANDARD = gnu99;
				GCC_DYNAMIC_NO_PIC = NO;
				GCC_OPTIMIZATION_LEVEL = 0;
				GCC_PREPROCESSOR_DEFINITIONS = (
					"DEBUG=1",
					"$(inherited)",
				);
				GCC_SYMBOLS_PRIVATE_EXTERN = NO;
				GCC_VERSION = com.apple.compilers.llvm.clang.1_0;
				GCC_WARN_ABOUT_MISSING_PROTOTYPES = YES;
				GCC_WARN_ABOUT_RETURN_TYPE = YES;
				GCC_WARN_UNUSED_VARIABLE = YES;
				IPHONEOS_DEPLOYMENT_TARGET = 5.0;
				SDKROOT = iphoneos;
			};
			name = Debug;
		};
		6A91E19814D9C04B00A6D61C /* Release */ = {
			isa = XCBuildConfiguration;
			buildSettings = {
				ALWAYS_SEARCH_USER_PATHS = NO;
				ARCHS = "$(ARCHS_STANDARD_32_BIT)";
				COPY_PHASE_STRIP = YES;
				GCC_C_LANGUAGE_STANDARD = gnu99;
				GCC_VERSION = com.apple.compilers.llvm.clang.1_0;
				GCC_WARN_ABOUT_MISSING_PROTOTYPES = YES;
				GCC_WARN_ABOUT_RETURN_TYPE = YES;
				GCC_WARN_UNUSED_VARIABLE = YES;
				IPHONEOS_DEPLOYMENT_TARGET = 5.0;
				SDKROOT = iphoneos;
				VALIDATE_PRODUCT = YES;
			};
			name = Release;
		};
		6A91E19A14D9C04B00A6D61C /* Debug */ = {
			isa = XCBuildConfiguration;
			buildSettings = {
				DSTROOT = /tmp/jelly.dst;
				GCC_PRECOMPILE_PREFIX_HEADER = YES;
				GCC_PREFIX_HEADER = "jelly/jelly-Prefix.pch";
				GCC_VERSION = com.apple.compilers.llvmgcc42;
				OTHER_LDFLAGS = "-ObjC";
				PRODUCT_NAME = "$(TARGET_NAME)";
				SKIP_INSTALL = YES;
				WARNING_LDFLAGS = "";
			};
			name = Debug;
		};
		6A91E19B14D9C04B00A6D61C /* Release */ = {
			isa = XCBuildConfiguration;
			buildSettings = {
				DSTROOT = /tmp/jelly.dst;
				GCC_PRECOMPILE_PREFIX_HEADER = YES;
				GCC_PREFIX_HEADER = "jelly/jelly-Prefix.pch";
				GCC_VERSION = com.apple.compilers.llvmgcc42;
				OTHER_LDFLAGS = "-ObjC";
				PRODUCT_NAME = "$(TARGET_NAME)";
				SKIP_INSTALL = YES;
				WARNING_LDFLAGS = "";
			};
			name = Release;
		};
/* End XCBuildConfiguration section */

/* Begin XCConfigurationList section */
		6A91E18614D9C04B00A6D61C /* Build configuration list for PBXProject "jelly" */ = {
			isa = XCConfigurationList;
			buildConfigurations = (
				6A91E19714D9C04B00A6D61C /* Debug */,
				6A91E19814D9C04B00A6D61C /* Release */,
			);
			defaultConfigurationIsVisible = 0;
			defaultConfigurationName = Release;
		};
		6A91E19914D9C04B00A6D61C /* Build configuration list for PBXNativeTarget "jelly" */ = {
			isa = XCConfigurationList;
			buildConfigurations = (
				6A91E19A14D9C04B00A6D61C /* Debug */,
				6A91E19B14D9C04B00A6D61C /* Release */,
			);
			defaultConfigurationIsVisible = 0;
			defaultConfigurationName = Release;
		};
/* End XCConfigurationList section */
	};
	rootObject = 6A91E18314D9C04B00A6D61C /* Project object */;
}
