// !$*UTF8*$!
{
	archiveVersion = 1;
	classes = {
	};
	objectVersion = 46;
	objects = {

/* Begin PBXBuildFile section */
		6A91E19014D9C04B00A6D61C /* Foundation.framework in Frameworks */ = {isa = PBXBuildFile; fileRef = 6A91E18F14D9C04B00A6D61C /* Foundation.framework */; };
		6A91E1A914D9C06500A6D61C /* AABB.h in Headers */ = {isa = PBXBuildFile; fileRef = 6A91E19C14D9C06500A6D61C /* AABB.h */; };
		6A91E1AA14D9C06500A6D61C /* Bitmask.h in Headers */ = {isa = PBXBuildFile; fileRef = 6A91E19D14D9C06500A6D61C /* Bitmask.h */; };
		6A91E1AB14D9C06500A6D61C /* Body.h in Headers */ = {isa = PBXBuildFile; fileRef = 6A91E19E14D9C06500A6D61C /* Body.h */; };
		6A91E1AC14D9C06500A6D61C /* ClosedShape.h in Headers */ = {isa = PBXBuildFile; fileRef = 6A91E19F14D9C06500A6D61C /* ClosedShape.h */; };
		6A91E1AD14D9C06500A6D61C /* InternalSpring.h in Headers */ = {isa = PBXBuildFile; fileRef = 6A91E1A014D9C06500A6D61C /* InternalSpring.h */; };
		6A91E1AE14D9C06500A6D61C /* JellyPhysics.h in Headers */ = {isa = PBXBuildFile; fileRef = 6A91E1A114D9C06500A6D61C /* JellyPhysics.h */; };
		6A91E1AF14D9C06500A6D61C /* JellyPrerequisites.h in Headers */ = {isa = PBXBuildFile; fileRef = 6A91E1A214D9C06500A6D61C /* JellyPrerequisites.h */; };
		6A91E1B014D9C06500A6D61C /* PointMass.h in Headers */ = {isa = PBXBuildFile; fileRef = 6A91E1A314D9C06500A6D61C /* PointMass.h */; };
		6A91E1B114D9C06500A6D61C /* PressureBody.h in Headers */ = {isa = PBXBuildFile; fileRef = 6A91E1A414D9C06500A6D61C /* PressureBody.h */; };
		6A91E1B214D9C06500A6D61C /* SpringBody.h in Headers */ = {isa = PBXBuildFile; fileRef = 6A91E1A514D9C06500A6D61C /* SpringBody.h */; };
		6A91E1B314D9C06500A6D61C /* Vector2.h in Headers */ = {isa = PBXBuildFile; fileRef = 6A91E1A614D9C06500A6D61C /* Vector2.h */; };
		6A91E1B414D9C06500A6D61C /* VectorTools.h in Headers */ = {isa = PBXBuildFile; fileRef = 6A91E1A714D9C06500A6D61C /* VectorTools.h */; };
		6A91E1B514D9C06500A6D61C /* World.h in Headers */ = {isa = PBXBuildFile; fileRef = 6A91E1A814D9C06500A6D61C /* World.h */; };
		6A91E1C014D9C06E00A6D61C /* AABB.cpp in Sources */ = {isa = PBXBuildFile; fileRef = 6A91E1B614D9C06E00A6D61C /* AABB.cpp */; };
		6A91E1C114D9C06E00A6D61C /* Body.cpp in Sources */ = {isa = PBXBuildFile; fileRef = 6A91E1B714D9C06E00A6D61C /* Body.cpp */; };
		6A91E1C214D9C06E00A6D61C /* ClosedShape.cpp in Sources */ = {isa = PBXBuildFile; fileRef = 6A91E1B814D9C06E00A6D61C /* ClosedShape.cpp */; };
		6A91E1C314D9C06E00A6D61C /* InternalSpring.cpp in Sources */ = {isa = PBXBuildFile; fileRef = 6A91E1B914D9C06E00A6D61C /* InternalSpring.cpp */; };
		6A91E1C414D9C06E00A6D61C /* PointMass.cpp in Sources */ = {isa = PBXBuildFile; fileRef = 6A91E1BA14D9C06E00A6D61C /* PointMass.cpp */; };
		6A91E1C514D9C06E00A6D61C /* PressureBody.cpp in Sources */ = {isa = PBXBuildFile; fileRef = 6A91E1BB14D9C06E00A6D61C /* PressureBody.cpp */; };
		6A91E1C614D9C06E00A6D61C /* SpringBody.cpp in Sources */ = {isa = PBXBuildFile; fileRef = 6A91E1BC14D9C06E00A6D61C /* SpringBody.cpp */; };
		6A91E1C714D9C06E00A6D61C /* Vector2.cpp in Sources */ = {isa = PBXBuildFile; fileRef = 6A91E1BD14D9C06E00A6D61C /* Vector2.cpp */; };
		6A91E1C814D9C06E00A6D61C /* VectorTools.cpp in Sources */ = {isa = PBXBuildFile; fileRef = 6A91E1BE14D9C06E00A6D61C /* VectorTools.cpp */; };
		6A91E1C914D9C06E00A6D61C /* World.cpp in Sources */ = {isa = PBXBuildFile; fileRef = 6A91E1BF14D9C06E00A6D61C /* World.cpp */; };
/* End PBXBuildFile section */

/* Begin PBXFileReference section */
		6A91E18C14D9C04B00A6D61C /* libjelly.a */ = {isa = PBXFileReference; explicitFileType = archive.ar; includeInIndex = 0; path = libjelly.a; sourceTree = BUILT_PRODUCTS_DIR; };
		6A91E18F14D9C04B00A6D61C /* Foundation.framework */ = {isa = PBXFileReference; lastKnownFileType = wrapper.framework; name = Foundation.framework; path = System/Library/Frameworks/Foundation.framework; sourceTree = SDKROOT; };
		6A91E19314D9C04B00A6D61C /* jelly-Prefix.pch */ = {isa = PBXFileReference; lastKnownFileType = sourcecode.c.h; path = "jelly-Prefix.pch"; sourceTree = "<group>"; };
		6A91E19C14D9C06500A6D61C /* AABB.h */ = {isa = PBXFileReference; fileEncoding = 4; lastKnownFileType = sourcecode.c.h; path = AABB.h; sourceTree = "<group>"; };
		6A91E19D14D9C06500A6D61C /* Bitmask.h */ = {isa = PBXFileReference; fileEncoding = 4; lastKnownFileType = sourcecode.c.h; path = Bitmask.h; sourceTree = "<group>"; };
		6A91E19E14D9C06500A6D61C /* Body.h */ = {isa = PBXFileReference; fileEncoding = 4; lastKnownFileType = sourcecode.c.h; path = Body.h; sourceTree = "<group>"; };
		6A91E19F14D9C06500A6D61C /* ClosedShape.h */ = {isa = PBXFileReference; fileEncoding = 4; lastKnownFileType = sourcecode.c.h; path = ClosedShape.h; sourceTree = "<group>"; };
		6A91E1A014D9C06500A6D61C /* InternalSpring.h */ = {isa = PBXFileReference; fileEncoding = 4; lastKnownFileType = sourcecode.c.h; path = InternalSpring.h; sourceTree = "<group>"; };
		6A91E1A114D9C06500A6D61C /* JellyPhysics.h */ = {isa = PBXFileReference; fileEncoding = 4; lastKnownFileType = sourcecode.c.h; path = JellyPhysics.h; sourceTree = "<group>"; };
		6A91E1A214D9C06500A6D61C /* JellyPrerequisites.h */ = {isa = PBXFileReference; fileEncoding = 4; lastKnownFileType = sourcecode.c.h; path = JellyPrerequisites.h; sourceTree = "<group>"; };
		6A91E1A314D9C06500A6D61C /* PointMass.h */ = {isa = PBXFileReference; fileEncoding = 4; lastKnownFileType = sourcecode.c.h; path = PointMass.h; sourceTree = "<group>"; };
		6A91E1A414D9C06500A6D61C /* PressureBody.h */ = {isa = PBXFileReference; fileEncoding = 4; lastKnownFileType = sourcecode.c.h; path = PressureBody.h; sourceTree = "<group>"; };
		6A91E1A514D9C06500A6D61C /* SpringBody.h */ = {isa = PBXFileReference; fileEncoding = 4; lastKnownFileType = sourcecode.c.h; path = SpringBody.h; sourceTree = "<group>"; };
		6A91E1A614D9C06500A6D61C /* Vector2.h */ = {isa = PBXFileReference; fileEncoding = 4; lastKnownFileType = sourcecode.c.h; path = Vector2.h; sourceTree = "<group>"; };
		6A91E1A714D9C06500A6D61C /* VectorTools.h */ = {isa = PBXFileReference; fileEncoding = 4; lastKnownFileType = sourcecode.c.h; path = VectorTools.h; sourceTree = "<group>"; };
		6A91E1A814D9C06500A6D61C /* World.h */ = {isa = PBXFileReference; fileEncoding = 4; lastKnownFileType = sourcecode.c.h; path = World.h; sourceTree = "<group>"; };
		6A91E1B614D9C06E00A6D61C /* AABB.cpp */ = {isa = PBXFileReference; fileEncoding = 4; lastKnownFileType = sourcecode.cpp.cpp; path = AABB.cpp; sourceTree = "<group>"; };
		6A91E1B714D9C06E00A6D61C /* Body.cpp */ = {isa = PBXFileReference; fileEncoding = 4; lastKnownFileType = sourcecode.cpp.cpp; path = Body.cpp; sourceTree = "<group>"; };
		6A91E1B814D9C06E00A6D61C /* ClosedShape.cpp */ = {isa = PBXFileReference; fileEncoding = 4; lastKnownFileType = sourcecode.cpp.cpp; path = ClosedShape.cpp; sourceTree = "<group>"; };
		6A91E1B914D9C06E00A6D61C /* InternalSpring.cpp */ = {isa = PBXFileReference; fileEncoding = 4; lastKnownFileType = sourcecode.cpp.cpp; path = InternalSpring.cpp; sourceTree = "<group>"; };
		6A91E1BA14D9C06E00A6D61C /* PointMass.cpp */ = {isa = PBXFileReference; fileEncoding = 4; lastKnownFileType = sourcecode.cpp.cpp; path = PointMass.cpp; sourceTree = "<group>"; };
		6A91E1BB14D9C06E00A6D61C /* PressureBody.cpp */ = {isa = PBXFileReference; fileEncoding = 4; lastKnownFileType = sourcecode.cpp.cpp; path = PressureBody.cpp; sourceTree = "<group>"; };
		6A91E1BC14D9C06E00A6D61C /* SpringBody.cpp */ = {isa = PBXFileReference; fileEncoding = 4; lastKnownFileType = sourcecode.cpp.cpp; path = SpringBody.cpp; sourceTree = "<group>"; };
		6A91E1BD14D9C06E00A6D61C /* Vector2.cpp */ = {isa = PBXFileReference; fileEncoding = 4; lastKnownFileType = sourcecode.cpp.cpp; path = Vector2.cpp; sourceTree = "<group>"; };
		6A91E1BE14D9C06E00A6D61C /* VectorTools.cpp */ = {isa = PBXFileReference; fileEncoding = 4; lastKnownFileType = sourcecode.cpp.cpp; path = VectorTools.cpp; sourceTree = "<group>"; };
		6A91E1BF14D9C06E00A6D61C /* World.cpp */ = {isa = PBXFileReference; fileEncoding = 4; lastKnownFileType = sourcecode.cpp.cpp; path = World.cpp; sourceTree = "<group>"; };
/* End PBXFileReference section */

/* Begin PBXFrameworksBuildPhase section */
		6A91E18914D9C04B00A6D61C /* Frameworks */ = {
			isa = PBXFrameworksBuildPhase;
			buildActionMask = 2147483647;
			files = (
				6A91E19014D9C04B00A6D61C /* Foundation.framework in Frameworks */,
			);
			runOnlyForDeploymentPostprocessing = 0;
		};
/* End PBXFrameworksBuildPhase section */

/* Begin PBXGroup section */
		6A91E18114D9C04B00A6D61C = {
			isa = PBXGroup;
			children = (
				6A91E19114D9C04B00A6D61C /* jelly */,
				6A91E18E14D9C04B00A6D61C /* Frameworks */,
				6A91E18D14D9C04B00A6D61C /* Products */,
			);
			sourceTree = "<group>";
		};
		6A91E18D14D9C04B00A6D61C /* Products */ = {
			isa = PBXGroup;
			children = (
				6A91E18C14D9C04B00A6D61C /* libjelly.a */,
			);
			name = Products;
			sourceTree = "<group>";
		};
		6A91E18E14D9C04B00A6D61C /* Frameworks */ = {
			isa = PBXGroup;
			children = (
				6A91E18F14D9C04B00A6D61C /* Foundation.framework */,
			);
			name = Frameworks;
			sourceTree = "<group>";
		};
		6A91E19114D9C04B00A6D61C /* jelly */ = {
			isa = PBXGroup;
			children = (
				6A91E1B614D9C06E00A6D61C /* AABB.cpp */,
				6A91E1B714D9C06E00A6D61C /* Body.cpp */,
				6A91E1B814D9C06E00A6D61C /* ClosedShape.cpp */,
				6A91E1B914D9C06E00A6D61C /* InternalSpring.cpp */,
				6A91E1BA14D9C06E00A6D61C /* PointMass.cpp */,
				6A91E1BB14D9C06E00A6D61C /* PressureBody.cpp */,
				6A91E1BC14D9C06E00A6D61C /* SpringBody.cpp */,
				6A91E1BD14D9C06E00A6D61C /* Vector2.cpp */,
				6A91E1BE14D9C06E00A6D61C /* VectorTools.cpp */,
				6A91E1BF14D9C06E00A6D61C /* World.cpp */,
				6A91E19C14D9C06500A6D61C /* AABB.h */,
				6A91E19D14D9C06500A6D61C /* Bitmask.h */,
				6A91E19E14D9C06500A6D61C /* Body.h */,
				6A91E19F14D9C06500A6D61C /* ClosedShape.h */,
				6A91E1A014D9C06500A6D61C /* InternalSpring.h */,
				6A91E1A114D9C06500A6D61C /* JellyPhysics.h */,
				6A91E1A214D9C06500A6D61C /* JellyPrerequisites.h */,
				6A91E1A314D9C06500A6D61C /* PointMass.h */,
				6A91E1A414D9C06500A6D61C /* PressureBody.h */,
				6A91E1A514D9C06500A6D61C /* SpringBody.h */,
				6A91E1A614D9C06500A6D61C /* Vector2.h */,
				6A91E1A714D9C06500A6D61C /* VectorTools.h */,
				6A91E1A814D9C06500A6D61C /* World.h */,
				6A91E19214D9C04B00A6D61C /* Supporting Files */,
			);
			path = jelly;
			sourceTree = "<group>";
		};
		6A91E19214D9C04B00A6D61C /* Supporting Files */ = {
			isa = PBXGroup;
			children = (
				6A91E19314D9C04B00A6D61C /* jelly-Prefix.pch */,
			);
			name = "Supporting Files";
			sourceTree = "<group>";
		};
/* End PBXGroup section */

/* Begin PBXHeadersBuildPhase section */
		6A91E18A14D9C04B00A6D61C /* Headers */ = {
			isa = PBXHeadersBuildPhase;
			buildActionMask = 2147483647;
			files = (
				6A91E1A914D9C06500A6D61C /* AABB.h in Headers */,
				6A91E1AA14D9C06500A6D61C /* Bitmask.h in Headers */,
				6A91E1AB14D9C06500A6D61C /* Body.h in Headers */,
				6A91E1AC14D9C06500A6D61C /* ClosedShape.h in Headers */,
				6A91E1AD14D9C06500A6D61C /* InternalSpring.h in Headers */,
				6A91E1AE14D9C06500A6D61C /* JellyPhysics.h in Headers */,
				6A91E1AF14D9C06500A6D61C /* JellyPrerequisites.h in Headers */,
				6A91E1B014D9C06500A6D61C /* PointMass.h in Headers */,
				6A91E1B114D9C06500A6D61C /* PressureBody.h in Headers */,
				6A91E1B214D9C06500A6D61C /* SpringBody.h in Headers */,
				6A91E1B314D9C06500A6D61C /* Vector2.h in Headers */,
				6A91E1B414D9C06500A6D61C /* VectorTools.h in Headers */,
				6A91E1B514D9C06500A6D61C /* World.h in Headers */,
			);
			runOnlyForDeploymentPostprocessing = 0;
		};
/* End PBXHeadersBuildPhase section */

/* Begin PBXNativeTarget section */
		6A91E18B14D9C04B00A6D61C /* jelly */ = {
			isa = PBXNativeTarget;
			buildConfigurationList = 6A91E19914D9C04B00A6D61C /* Build configuration list for PBXNativeTarget "jelly" */;
			buildPhases = (
				6A91E18814D9C04B00A6D61C /* Sources */,
				6A91E18914D9C04B00A6D61C /* Frameworks */,
				6A91E18A14D9C04B00A6D61C /* Headers */,
			);
			buildRules = (
			);
			dependencies = (
			);
			name = jelly;
			productName = jelly;
			productReference = 6A91E18C14D9C04B00A6D61C /* libjelly.a */;
			productType = "com.apple.product-type.library.static";
		};
/* End PBXNativeTarget section */

/* Begin PBXProject section */
		6A91E18314D9C04B00A6D61C /* Project object */ = {
			isa = PBXProject;
			attributes = {
				LastUpgradeCheck = 0420;
			};
			buildConfigurationList = 6A91E18614D9C04B00A6D61C /* Build configuration list for PBXProject "jelly" */;
			compatibilityVersion = "Xcode 3.2";
			developmentRegion = English;
			hasScannedForEncodings = 0;
			knownRegions = (
				en,
			);
			mainGroup = 6A91E18114D9C04B00A6D61C;
			productRefGroup = 6A91E18D14D9C04B00A6D61C /* Products */;
			projectDirPath = "";
			projectRoot = "";
			targets = (
				6A91E18B14D9C04B00A6D61C /* jelly */,
			);
		};
/* End PBXProject section */

/* Begin PBXSourcesBuildPhase section */
		6A91E18814D9C04B00A6D61C /* Sources */ = {
			isa = PBXSourcesBuildPhase;
			buildActionMask = 2147483647;
			files = (
				6A91E1C014D9C06E00A6D61C /* AABB.cpp in Sources */,
				6A91E1C114D9C06E00A6D61C /* Body.cpp in Sources */,
				6A91E1C214D9C06E00A6D61C /* ClosedShape.cpp in Sources */,
				6A91E1C314D9C06E00A6D61C /* InternalSpring.cpp in Sources */,
				6A91E1C414D9C06E00A6D61C /* PointMass.cpp in Sources */,
				6A91E1C514D9C06E00A6D61C /* PressureBody.cpp in Sources */,
				6A91E1C614D9C06E00A6D61C /* SpringBody.cpp in Sources */,
				6A91E1C714D9C06E00A6D61C /* Vector2.cpp in Sources */,
				6A91E1C814D9C06E00A6D61C /* VectorTools.cpp in Sources */,
				6A91E1C914D9C06E00A6D61C /* World.cpp in Sources */,
			);
			runOnlyForDeploymentPostprocessing = 0;
		};
/* End PBXSourcesBuildPhase section */

/* Begin XCBuildConfiguration section */
		6A91E19714D9C04B00A6D61C /* Debug */ = {
			isa = XCBuildConfiguration;
			buildSettings = {
				ALWAYS_SEARCH_USER_PATHS = NO;
				ARCHS = "$(ARCHS_STANDARD_32_BIT)";
				COPY_PHASE_STRIP = NO;
				GCC_C_LANGUAGE_STANDARD = gnu99;
				GCC_DYNAMIC_NO_PIC = NO;
				GCC_OPTIMIZATION_LEVEL = 0;
				GCC_PREPROCESSOR_DEFINITIONS = (
					"DEBUG=1",
					"$(inherited)",
				);
				GCC_SYMBOLS_PRIVATE_EXTERN = NO;
				GCC_VERSION = com.apple.compilers.llvm.clang.1_0;
				GCC_WARN_ABOUT_MISSING_PROTOTYPES = YES;
				GCC_WARN_ABOUT_RETURN_TYPE = YES;
				GCC_WARN_UNUSED_VARIABLE = YES;
				IPHONEOS_DEPLOYMENT_TARGET = 5.0;
				SDKROOT = iphoneos;
			};
			name = Debug;
		};
		6A91E19814D9C04B00A6D61C /* Release */ = {
			isa = XCBuildConfiguration;
			buildSettings = {
				ALWAYS_SEARCH_USER_PATHS = NO;
				ARCHS = "$(ARCHS_STANDARD_32_BIT)";
				COPY_PHASE_STRIP = YES;
				GCC_C_LANGUAGE_STANDARD = gnu99;
				GCC_VERSION = com.apple.compilers.llvm.clang.1_0;
				GCC_WARN_ABOUT_MISSING_PROTOTYPES = YES;
				GCC_WARN_ABOUT_RETURN_TYPE = YES;
				GCC_WARN_UNUSED_VARIABLE = YES;
				IPHONEOS_DEPLOYMENT_TARGET = 5.0;
				SDKROOT = iphoneos;
				VALIDATE_PRODUCT = YES;
			};
			name = Release;
		};
		6A91E19A14D9C04B00A6D61C /* Debug */ = {
			isa = XCBuildConfiguration;
			buildSettings = {
				DSTROOT = /tmp/jelly.dst;
				GCC_PRECOMPILE_PREFIX_HEADER = YES;
				GCC_PREFIX_HEADER = "jelly/jelly-Prefix.pch";
				OTHER_LDFLAGS = "-ObjC";
				PRODUCT_NAME = "$(TARGET_NAME)";
				SKIP_INSTALL = YES;
			};
			name = Debug;
		};
		6A91E19B14D9C04B00A6D61C /* Release */ = {
			isa = XCBuildConfiguration;
			buildSettings = {
				DSTROOT = /tmp/jelly.dst;
				GCC_PRECOMPILE_PREFIX_HEADER = YES;
				GCC_PREFIX_HEADER = "jelly/jelly-Prefix.pch";
				OTHER_LDFLAGS = "-ObjC";
				PRODUCT_NAME = "$(TARGET_NAME)";
				SKIP_INSTALL = YES;
			};
			name = Release;
		};
/* End XCBuildConfiguration section */

/* Begin XCConfigurationList section */
		6A91E18614D9C04B00A6D61C /* Build configuration list for PBXProject "jelly" */ = {
			isa = XCConfigurationList;
			buildConfigurations = (
				6A91E19714D9C04B00A6D61C /* Debug */,
				6A91E19814D9C04B00A6D61C /* Release */,
			);
			defaultConfigurationIsVisible = 0;
			defaultConfigurationName = Release;
		};
		6A91E19914D9C04B00A6D61C /* Build configuration list for PBXNativeTarget "jelly" */ = {
			isa = XCConfigurationList;
			buildConfigurations = (
				6A91E19A14D9C04B00A6D61C /* Debug */,
				6A91E19B14D9C04B00A6D61C /* Release */,
			);
			defaultConfigurationIsVisible = 0;
		};
/* End XCConfigurationList section */
	};
	rootObject = 6A91E18314D9C04B00A6D61C /* Project object */;
}
